
Microsoft Visual Studio Solution File, Format Version 12.00
# Visual Studio Version 17
VisualStudioVersion = 17.7.34221.43
MinimumVisualStudioVersion = 10.0.40219.1
Project("{FAE04EC0-301F-11D3-BF4B-00C04F79EFBC}") = "ProiectAfaceriElectronice", "ProiectAfaceriElectronice\ProiectAfaceriElectronice.csproj", "{E43A3E4E-0F53-4091-83A2-C2EB419A96F9}"
EndProject
Global
	GlobalSection(SolutionConfigurationPlatforms) = preSolution
		Debug|Any CPU = Debug|Any CPU
		Release|Any CPU = Release|Any CPU
	EndGlobalSection
	GlobalSection(ProjectConfigurationPlatforms) = postSolution
		{E43A3E4E-0F53-4091-83A2-C2EB419A96F9}.Debug|Any CPU.ActiveCfg = Debug|Any CPU
		{E43A3E4E-0F53-4091-83A2-C2EB419A96F9}.Debug|Any CPU.Build.0 = Debug|Any CPU
		{E43A3E4E-0F53-4091-83A2-C2EB419A96F9}.Release|Any CPU.ActiveCfg = Release|Any CPU
		{E43A3E4E-0F53-4091-83A2-C2EB419A96F9}.Release|Any CPU.Build.0 = Release|Any CPU
	EndGlobalSection
	GlobalSection(SolutionProperties) = preSolution
		HideSolutionNode = FALSE
	EndGlobalSection
	GlobalSection(ExtensibilityGlobals) = postSolution
		SolutionGuid = {735B91E2-2463-49D3-B1F7-FAA52C042956}
	EndGlobalSection
EndGlobal
